// !$*UTF8*$!
{
	archiveVersion = 1;
	classes = {
	};
	objectVersion = 55;
	objects = {

/* Begin PBXBuildFile section */
		9DAD35C6A09314D22BD44CEA /* Pods_Flickr.framework in Frameworks */ = {isa = PBXBuildFile; fileRef = C70B31D7094AED8ADF435454 /* Pods_Flickr.framework */; };
		A691201F2765B48900F8A734 /* AppDelegate.swift in Sources */ = {isa = PBXBuildFile; fileRef = A691201E2765B48900F8A734 /* AppDelegate.swift */; };
		A69120212765B48900F8A734 /* SceneDelegate.swift in Sources */ = {isa = PBXBuildFile; fileRef = A69120202765B48900F8A734 /* SceneDelegate.swift */; };
		A69120232765B48900F8A734 /* ViewController.swift in Sources */ = {isa = PBXBuildFile; fileRef = A69120222765B48900F8A734 /* ViewController.swift */; };
		A69120262765B48900F8A734 /* Main.storyboard in Resources */ = {isa = PBXBuildFile; fileRef = A69120242765B48900F8A734 /* Main.storyboard */; };
		A69120282765B48A00F8A734 /* Assets.xcassets in Resources */ = {isa = PBXBuildFile; fileRef = A69120272765B48A00F8A734 /* Assets.xcassets */; };
		A691202B2765B48A00F8A734 /* LaunchScreen.storyboard in Resources */ = {isa = PBXBuildFile; fileRef = A69120292765B48A00F8A734 /* LaunchScreen.storyboard */; };
		A69120362765B4F700F8A734 /* PhotoSearchViewController.swift in Sources */ = {isa = PBXBuildFile; fileRef = A69120342765B4F700F8A734 /* PhotoSearchViewController.swift */; };
		A69120372765B4F700F8A734 /* PhotoSearchViewController.xib in Resources */ = {isa = PBXBuildFile; fileRef = A69120352765B4F700F8A734 /* PhotoSearchViewController.xib */; };
		A6CEDB7E2766507800CF5962 /* Environment.swift in Sources */ = {isa = PBXBuildFile; fileRef = A6CEDB5E2766507700CF5962 /* Environment.swift */; };
		A6CEDB7F2766507800CF5962 /* Constants.swift in Sources */ = {isa = PBXBuildFile; fileRef = A6CEDB602766507700CF5962 /* Constants.swift */; };
		A6CEDB802766507800CF5962 /* Server.swift in Sources */ = {isa = PBXBuildFile; fileRef = A6CEDB612766507700CF5962 /* Server.swift */; };
		A6CEDB812766507800CF5962 /* AppLibManager.swift in Sources */ = {isa = PBXBuildFile; fileRef = A6CEDB632766507700CF5962 /* AppLibManager.swift */; };
		A6CEDB892766507800CF5962 /* NetworkClient.swift in Sources */ = {isa = PBXBuildFile; fileRef = A6CEDB712766507800CF5962 /* NetworkClient.swift */; };
		A6CEDB8A2766507800CF5962 /* URLStringGenerator.swift in Sources */ = {isa = PBXBuildFile; fileRef = A6CEDB722766507800CF5962 /* URLStringGenerator.swift */; };
		A6CEDB8B2766507800CF5962 /* Result.swift in Sources */ = {isa = PBXBuildFile; fileRef = A6CEDB732766507800CF5962 /* Result.swift */; };
		A6CEDB8C2766507800CF5962 /* NetworkService.swift in Sources */ = {isa = PBXBuildFile; fileRef = A6CEDB742766507800CF5962 /* NetworkService.swift */; };
		A6CEDB8D2766507800CF5962 /* HTTPMethod.swift in Sources */ = {isa = PBXBuildFile; fileRef = A6CEDB752766507800CF5962 /* HTTPMethod.swift */; };
		A6CEDB8E2766507800CF5962 /* OutputWrapping.swift in Sources */ = {isa = PBXBuildFile; fileRef = A6CEDB762766507800CF5962 /* OutputWrapping.swift */; };
		A6CEDB8F2766507800CF5962 /* Request.swift in Sources */ = {isa = PBXBuildFile; fileRef = A6CEDB772766507800CF5962 /* Request.swift */; };
		A6CEDB902766507800CF5962 /* Router.swift in Sources */ = {isa = PBXBuildFile; fileRef = A6CEDB782766507800CF5962 /* Router.swift */; };
		A6CEDB912766507800CF5962 /* SessionManager.swift in Sources */ = {isa = PBXBuildFile; fileRef = A6CEDB792766507800CF5962 /* SessionManager.swift */; };
		A6CEDB922766507800CF5962 /* NetworkError.swift in Sources */ = {isa = PBXBuildFile; fileRef = A6CEDB7A2766507800CF5962 /* NetworkError.swift */; };
		A6CEDB932766507800CF5962 /* Types.swift in Sources */ = {isa = PBXBuildFile; fileRef = A6CEDB7B2766507800CF5962 /* Types.swift */; };
		A6CEDB942766507800CF5962 /* InputWrapping.swift in Sources */ = {isa = PBXBuildFile; fileRef = A6CEDB7C2766507800CF5962 /* InputWrapping.swift */; };
		A6CEDB952766507800CF5962 /* NetworkingLayer.swift in Sources */ = {isa = PBXBuildFile; fileRef = A6CEDB7D2766507800CF5962 /* NetworkingLayer.swift */; };
/* End PBXBuildFile section */

/* Begin PBXFileReference section */
		91D5FB73C6A486D799D4CE67 /* Pods-Flickr.debug.xcconfig */ = {isa = PBXFileReference; includeInIndex = 1; lastKnownFileType = text.xcconfig; name = "Pods-Flickr.debug.xcconfig"; path = "Target Support Files/Pods-Flickr/Pods-Flickr.debug.xcconfig"; sourceTree = "<group>"; };
		A691201B2765B48900F8A734 /* Flickr.app */ = {isa = PBXFileReference; explicitFileType = wrapper.application; includeInIndex = 0; path = Flickr.app; sourceTree = BUILT_PRODUCTS_DIR; };
		A691201E2765B48900F8A734 /* AppDelegate.swift */ = {isa = PBXFileReference; lastKnownFileType = sourcecode.swift; path = AppDelegate.swift; sourceTree = "<group>"; };
		A69120202765B48900F8A734 /* SceneDelegate.swift */ = {isa = PBXFileReference; lastKnownFileType = sourcecode.swift; path = SceneDelegate.swift; sourceTree = "<group>"; };
		A69120222765B48900F8A734 /* ViewController.swift */ = {isa = PBXFileReference; lastKnownFileType = sourcecode.swift; path = ViewController.swift; sourceTree = "<group>"; };
		A69120252765B48900F8A734 /* Base */ = {isa = PBXFileReference; lastKnownFileType = file.storyboard; name = Base; path = Base.lproj/Main.storyboard; sourceTree = "<group>"; };
		A69120272765B48A00F8A734 /* Assets.xcassets */ = {isa = PBXFileReference; lastKnownFileType = folder.assetcatalog; path = Assets.xcassets; sourceTree = "<group>"; };
		A691202A2765B48A00F8A734 /* Base */ = {isa = PBXFileReference; lastKnownFileType = file.storyboard; name = Base; path = Base.lproj/LaunchScreen.storyboard; sourceTree = "<group>"; };
		A691202C2765B48A00F8A734 /* Info.plist */ = {isa = PBXFileReference; lastKnownFileType = text.plist.xml; path = Info.plist; sourceTree = "<group>"; };
		A69120342765B4F700F8A734 /* PhotoSearchViewController.swift */ = {isa = PBXFileReference; lastKnownFileType = sourcecode.swift; path = PhotoSearchViewController.swift; sourceTree = "<group>"; };
		A69120352765B4F700F8A734 /* PhotoSearchViewController.xib */ = {isa = PBXFileReference; lastKnownFileType = file.xib; path = PhotoSearchViewController.xib; sourceTree = "<group>"; };
		A6CEDB5E2766507700CF5962 /* Environment.swift */ = {isa = PBXFileReference; fileEncoding = 4; lastKnownFileType = sourcecode.swift; path = Environment.swift; sourceTree = "<group>"; };
		A6CEDB602766507700CF5962 /* Constants.swift */ = {isa = PBXFileReference; fileEncoding = 4; lastKnownFileType = sourcecode.swift; path = Constants.swift; sourceTree = "<group>"; };
		A6CEDB612766507700CF5962 /* Server.swift */ = {isa = PBXFileReference; fileEncoding = 4; lastKnownFileType = sourcecode.swift; path = Server.swift; sourceTree = "<group>"; };
		A6CEDB632766507700CF5962 /* AppLibManager.swift */ = {isa = PBXFileReference; fileEncoding = 4; lastKnownFileType = sourcecode.swift; path = AppLibManager.swift; sourceTree = "<group>"; };
		A6CEDB712766507800CF5962 /* NetworkClient.swift */ = {isa = PBXFileReference; fileEncoding = 4; lastKnownFileType = sourcecode.swift; path = NetworkClient.swift; sourceTree = "<group>"; };
		A6CEDB722766507800CF5962 /* URLStringGenerator.swift */ = {isa = PBXFileReference; fileEncoding = 4; lastKnownFileType = sourcecode.swift; path = URLStringGenerator.swift; sourceTree = "<group>"; };
		A6CEDB732766507800CF5962 /* Result.swift */ = {isa = PBXFileReference; fileEncoding = 4; lastKnownFileType = sourcecode.swift; path = Result.swift; sourceTree = "<group>"; };
		A6CEDB742766507800CF5962 /* NetworkService.swift */ = {isa = PBXFileReference; fileEncoding = 4; lastKnownFileType = sourcecode.swift; path = NetworkService.swift; sourceTree = "<group>"; };
		A6CEDB752766507800CF5962 /* HTTPMethod.swift */ = {isa = PBXFileReference; fileEncoding = 4; lastKnownFileType = sourcecode.swift; path = HTTPMethod.swift; sourceTree = "<group>"; };
		A6CEDB762766507800CF5962 /* OutputWrapping.swift */ = {isa = PBXFileReference; fileEncoding = 4; lastKnownFileType = sourcecode.swift; path = OutputWrapping.swift; sourceTree = "<group>"; };
		A6CEDB772766507800CF5962 /* Request.swift */ = {isa = PBXFileReference; fileEncoding = 4; lastKnownFileType = sourcecode.swift; path = Request.swift; sourceTree = "<group>"; };
		A6CEDB782766507800CF5962 /* Router.swift */ = {isa = PBXFileReference; fileEncoding = 4; lastKnownFileType = sourcecode.swift; path = Router.swift; sourceTree = "<group>"; };
		A6CEDB792766507800CF5962 /* SessionManager.swift */ = {isa = PBXFileReference; fileEncoding = 4; lastKnownFileType = sourcecode.swift; path = SessionManager.swift; sourceTree = "<group>"; };
		A6CEDB7A2766507800CF5962 /* NetworkError.swift */ = {isa = PBXFileReference; fileEncoding = 4; lastKnownFileType = sourcecode.swift; path = NetworkError.swift; sourceTree = "<group>"; };
		A6CEDB7B2766507800CF5962 /* Types.swift */ = {isa = PBXFileReference; fileEncoding = 4; lastKnownFileType = sourcecode.swift; path = Types.swift; sourceTree = "<group>"; };
		A6CEDB7C2766507800CF5962 /* InputWrapping.swift */ = {isa = PBXFileReference; fileEncoding = 4; lastKnownFileType = sourcecode.swift; path = InputWrapping.swift; sourceTree = "<group>"; };
		A6CEDB7D2766507800CF5962 /* NetworkingLayer.swift */ = {isa = PBXFileReference; fileEncoding = 4; lastKnownFileType = sourcecode.swift; path = NetworkingLayer.swift; sourceTree = "<group>"; };
		C70B31D7094AED8ADF435454 /* Pods_Flickr.framework */ = {isa = PBXFileReference; explicitFileType = wrapper.framework; includeInIndex = 0; path = Pods_Flickr.framework; sourceTree = BUILT_PRODUCTS_DIR; };
		CA92EBED5F73875F5C688389 /* Pods-Flickr.release.xcconfig */ = {isa = PBXFileReference; includeInIndex = 1; lastKnownFileType = text.xcconfig; name = "Pods-Flickr.release.xcconfig"; path = "Target Support Files/Pods-Flickr/Pods-Flickr.release.xcconfig"; sourceTree = "<group>"; };
/* End PBXFileReference section */

/* Begin PBXFrameworksBuildPhase section */
		A69120182765B48900F8A734 /* Frameworks */ = {
			isa = PBXFrameworksBuildPhase;
			buildActionMask = 2147483647;
			files = (
				9DAD35C6A09314D22BD44CEA /* Pods_Flickr.framework in Frameworks */,
			);
			runOnlyForDeploymentPostprocessing = 0;
		};
/* End PBXFrameworksBuildPhase section */

/* Begin PBXGroup section */
		330C2FF8BB88EA044B41F7E5 /* Pods */ = {
			isa = PBXGroup;
			children = (
				91D5FB73C6A486D799D4CE67 /* Pods-Flickr.debug.xcconfig */,
				CA92EBED5F73875F5C688389 /* Pods-Flickr.release.xcconfig */,
			);
			path = Pods;
			sourceTree = "<group>";
		};
		6439A03CACE44AAF5731DE2E /* Frameworks */ = {
			isa = PBXGroup;
			children = (
				C70B31D7094AED8ADF435454 /* Pods_Flickr.framework */,
			);
			name = Frameworks;
			sourceTree = "<group>";
		};
		A69120122765B48900F8A734 = {
			isa = PBXGroup;
			children = (
				A691201D2765B48900F8A734 /* Flickr */,
				A691201C2765B48900F8A734 /* Products */,
				330C2FF8BB88EA044B41F7E5 /* Pods */,
				6439A03CACE44AAF5731DE2E /* Frameworks */,
			);
			sourceTree = "<group>";
		};
		A691201C2765B48900F8A734 /* Products */ = {
			isa = PBXGroup;
			children = (
				A691201B2765B48900F8A734 /* Flickr.app */,
			);
			name = Products;
			sourceTree = "<group>";
		};
		A691201D2765B48900F8A734 /* Flickr */ = {
			isa = PBXGroup;
			children = (
				A6CEDB5D2766507700CF5962 /* Core */,
				A6CEDB622766507700CF5962 /* Managers */,
				A6CEDB642766507800CF5962 /* Networking */,
				A69120322765B4D100F8A734 /* Modules */,
				A691201E2765B48900F8A734 /* AppDelegate.swift */,
				A69120202765B48900F8A734 /* SceneDelegate.swift */,
				A69120222765B48900F8A734 /* ViewController.swift */,
				A69120242765B48900F8A734 /* Main.storyboard */,
				A69120272765B48A00F8A734 /* Assets.xcassets */,
				A69120292765B48A00F8A734 /* LaunchScreen.storyboard */,
				A691202C2765B48A00F8A734 /* Info.plist */,
			);
			path = Flickr;
			sourceTree = "<group>";
		};
		A69120322765B4D100F8A734 /* Modules */ = {
			isa = PBXGroup;
			children = (
				A69120332765B4DC00F8A734 /* Search */,
			);
			path = Modules;
			sourceTree = "<group>";
		};
		A69120332765B4DC00F8A734 /* Search */ = {
			isa = PBXGroup;
			children = (
				A69120342765B4F700F8A734 /* PhotoSearchViewController.swift */,
				A69120352765B4F700F8A734 /* PhotoSearchViewController.xib */,
			);
			path = Search;
			sourceTree = "<group>";
		};
		A6CEDB5D2766507700CF5962 /* Core */ = {
			isa = PBXGroup;
			children = (
				A6CEDB5F2766507700CF5962 /* Constants */,
				A6CEDB5E2766507700CF5962 /* Environment.swift */,
			);
			path = Core;
			sourceTree = "<group>";
		};
		A6CEDB5F2766507700CF5962 /* Constants */ = {
			isa = PBXGroup;
			children = (
				A6CEDB602766507700CF5962 /* Constants.swift */,
				A6CEDB612766507700CF5962 /* Server.swift */,
			);
			path = Constants;
			sourceTree = "<group>";
		};
		A6CEDB622766507700CF5962 /* Managers */ = {
			isa = PBXGroup;
			children = (
				A6CEDB632766507700CF5962 /* AppLibManager.swift */,
			);
			path = Managers;
			sourceTree = "<group>";
		};
		A6CEDB642766507800CF5962 /* Networking */ = {
			isa = PBXGroup;
			children = (
				A6CEDB702766507800CF5962 /* Base */,
			);
			path = Networking;
			sourceTree = "<group>";
		};
		A6CEDB702766507800CF5962 /* Base */ = {
			isa = PBXGroup;
			children = (
				A6CEDB712766507800CF5962 /* NetworkClient.swift */,
				A6CEDB722766507800CF5962 /* URLStringGenerator.swift */,
				A6CEDB732766507800CF5962 /* Result.swift */,
				A6CEDB742766507800CF5962 /* NetworkService.swift */,
				A6CEDB752766507800CF5962 /* HTTPMethod.swift */,
				A6CEDB762766507800CF5962 /* OutputWrapping.swift */,
				A6CEDB772766507800CF5962 /* Request.swift */,
				A6CEDB782766507800CF5962 /* Router.swift */,
				A6CEDB792766507800CF5962 /* SessionManager.swift */,
				A6CEDB7A2766507800CF5962 /* NetworkError.swift */,
				A6CEDB7B2766507800CF5962 /* Types.swift */,
				A6CEDB7C2766507800CF5962 /* InputWrapping.swift */,
				A6CEDB7D2766507800CF5962 /* NetworkingLayer.swift */,
			);
			path = Base;
			sourceTree = "<group>";
		};
/* End PBXGroup section */

/* Begin PBXNativeTarget section */
		A691201A2765B48900F8A734 /* Flickr */ = {
			isa = PBXNativeTarget;
			buildConfigurationList = A691202F2765B48A00F8A734 /* Build configuration list for PBXNativeTarget "Flickr" */;
			buildPhases = (
				2C915F854B39F43FF7C68EEE /* [CP] Check Pods Manifest.lock */,
				A69120172765B48900F8A734 /* Sources */,
				A69120182765B48900F8A734 /* Frameworks */,
				A69120192765B48900F8A734 /* Resources */,
				5BFB4D8F7FE3EBA51F829D1A /* [CP] Embed Pods Frameworks */,
			);
			buildRules = (
			);
			dependencies = (
			);
			name = Flickr;
			productName = Flickr;
			productReference = A691201B2765B48900F8A734 /* Flickr.app */;
			productType = "com.apple.product-type.application";
		};
/* End PBXNativeTarget section */

/* Begin PBXProject section */
		A69120132765B48900F8A734 /* Project object */ = {
			isa = PBXProject;
			attributes = {
				BuildIndependentTargetsInParallel = 1;
				LastSwiftUpdateCheck = 1310;
				LastUpgradeCheck = 1310;
				TargetAttributes = {
					A691201A2765B48900F8A734 = {
						CreatedOnToolsVersion = 13.1;
					};
				};
			};
			buildConfigurationList = A69120162765B48900F8A734 /* Build configuration list for PBXProject "Flickr" */;
			compatibilityVersion = "Xcode 13.0";
			developmentRegion = en;
			hasScannedForEncodings = 0;
			knownRegions = (
				en,
				Base,
			);
			mainGroup = A69120122765B48900F8A734;
			productRefGroup = A691201C2765B48900F8A734 /* Products */;
			projectDirPath = "";
			projectRoot = "";
			targets = (
				A691201A2765B48900F8A734 /* Flickr */,
			);
		};
/* End PBXProject section */

/* Begin PBXResourcesBuildPhase section */
		A69120192765B48900F8A734 /* Resources */ = {
			isa = PBXResourcesBuildPhase;
			buildActionMask = 2147483647;
			files = (
				A691202B2765B48A00F8A734 /* LaunchScreen.storyboard in Resources */,
				A69120372765B4F700F8A734 /* PhotoSearchViewController.xib in Resources */,
				A69120282765B48A00F8A734 /* Assets.xcassets in Resources */,
				A69120262765B48900F8A734 /* Main.storyboard in Resources */,
			);
			runOnlyForDeploymentPostprocessing = 0;
		};
/* End PBXResourcesBuildPhase section */

/* Begin PBXShellScriptBuildPhase section */
		2C915F854B39F43FF7C68EEE /* [CP] Check Pods Manifest.lock */ = {
			isa = PBXShellScriptBuildPhase;
			buildActionMask = 2147483647;
			files = (
			);
			inputFileListPaths = (
			);
			inputPaths = (
				"${PODS_PODFILE_DIR_PATH}/Podfile.lock",
				"${PODS_ROOT}/Manifest.lock",
			);
			name = "[CP] Check Pods Manifest.lock";
			outputFileListPaths = (
			);
			outputPaths = (
				"$(DERIVED_FILE_DIR)/Pods-Flickr-checkManifestLockResult.txt",
			);
			runOnlyForDeploymentPostprocessing = 0;
			shellPath = /bin/sh;
			shellScript = "diff \"${PODS_PODFILE_DIR_PATH}/Podfile.lock\" \"${PODS_ROOT}/Manifest.lock\" > /dev/null\nif [ $? != 0 ] ; then\n    # print error to STDERR\n    echo \"error: The sandbox is not in sync with the Podfile.lock. Run 'pod install' or update your CocoaPods installation.\" >&2\n    exit 1\nfi\n# This output is used by Xcode 'outputs' to avoid re-running this script phase.\necho \"SUCCESS\" > \"${SCRIPT_OUTPUT_FILE_0}\"\n";
			showEnvVarsInLog = 0;
		};
		5BFB4D8F7FE3EBA51F829D1A /* [CP] Embed Pods Frameworks */ = {
			isa = PBXShellScriptBuildPhase;
			buildActionMask = 2147483647;
			files = (
			);
			inputFileListPaths = (
				"${PODS_ROOT}/Target Support Files/Pods-Flickr/Pods-Flickr-frameworks-${CONFIGURATION}-input-files.xcfilelist",
			);
			name = "[CP] Embed Pods Frameworks";
			outputFileListPaths = (
				"${PODS_ROOT}/Target Support Files/Pods-Flickr/Pods-Flickr-frameworks-${CONFIGURATION}-output-files.xcfilelist",
			);
			runOnlyForDeploymentPostprocessing = 0;
			shellPath = /bin/sh;
			shellScript = "\"${PODS_ROOT}/Target Support Files/Pods-Flickr/Pods-Flickr-frameworks.sh\"\n";
			showEnvVarsInLog = 0;
		};
/* End PBXShellScriptBuildPhase section */

/* Begin PBXSourcesBuildPhase section */
		A69120172765B48900F8A734 /* Sources */ = {
			isa = PBXSourcesBuildPhase;
			buildActionMask = 2147483647;
			files = (
				A6CEDB8B2766507800CF5962 /* Result.swift in Sources */,
				A6CEDB8A2766507800CF5962 /* URLStringGenerator.swift in Sources */,
				A6CEDB802766507800CF5962 /* Server.swift in Sources */,
				A6CEDB812766507800CF5962 /* AppLibManager.swift in Sources */,
				A69120232765B48900F8A734 /* ViewController.swift in Sources */,
				A69120362765B4F700F8A734 /* PhotoSearchViewController.swift in Sources */,
				A6CEDB8D2766507800CF5962 /* HTTPMethod.swift in Sources */,
				A691201F2765B48900F8A734 /* AppDelegate.swift in Sources */,
				A6CEDB892766507800CF5962 /* NetworkClient.swift in Sources */,
				A69120212765B48900F8A734 /* SceneDelegate.swift in Sources */,
				A6CEDB7E2766507800CF5962 /* Environment.swift in Sources */,
				A6CEDB952766507800CF5962 /* NetworkingLayer.swift in Sources */,
				A6CEDB942766507800CF5962 /* InputWrapping.swift in Sources */,
				A6CEDB912766507800CF5962 /* SessionManager.swift in Sources */,
				A6CEDB8E2766507800CF5962 /* OutputWrapping.swift in Sources */,
				A6CEDB8F2766507800CF5962 /* Request.swift in Sources */,
				A6CEDB902766507800CF5962 /* Router.swift in Sources */,
				A6CEDB922766507800CF5962 /* NetworkError.swift in Sources */,
				A6CEDB932766507800CF5962 /* Types.swift in Sources */,
				A6CEDB8C2766507800CF5962 /* NetworkService.swift in Sources */,
				A6CEDB7F2766507800CF5962 /* Constants.swift in Sources */,
			);
			runOnlyForDeploymentPostprocessing = 0;
		};
/* End PBXSourcesBuildPhase section */

/* Begin PBXVariantGroup section */
		A69120242765B48900F8A734 /* Main.storyboard */ = {
			isa = PBXVariantGroup;
			children = (
				A69120252765B48900F8A734 /* Base */,
			);
			name = Main.storyboard;
			sourceTree = "<group>";
		};
		A69120292765B48A00F8A734 /* LaunchScreen.storyboard */ = {
			isa = PBXVariantGroup;
			children = (
				A691202A2765B48A00F8A734 /* Base */,
			);
			name = LaunchScreen.storyboard;
			sourceTree = "<group>";
		};
/* End PBXVariantGroup section */

/* Begin XCBuildConfiguration section */
		A691202D2765B48A00F8A734 /* Debug */ = {
			isa = XCBuildConfiguration;
			buildSettings = {
				ALWAYS_SEARCH_USER_PATHS = NO;
				CLANG_ANALYZER_NONNULL = YES;
				CLANG_ANALYZER_NUMBER_OBJECT_CONVERSION = YES_AGGRESSIVE;
				CLANG_CXX_LANGUAGE_STANDARD = "gnu++17";
				CLANG_CXX_LIBRARY = "libc++";
				CLANG_ENABLE_MODULES = YES;
				CLANG_ENABLE_OBJC_ARC = YES;
				CLANG_ENABLE_OBJC_WEAK = YES;
				CLANG_WARN_BLOCK_CAPTURE_AUTORELEASING = YES;
				CLANG_WARN_BOOL_CONVERSION = YES;
				CLANG_WARN_COMMA = YES;
				CLANG_WARN_CONSTANT_CONVERSION = YES;
				CLANG_WARN_DEPRECATED_OBJC_IMPLEMENTATIONS = YES;
				CLANG_WARN_DIRECT_OBJC_ISA_USAGE = YES_ERROR;
				CLANG_WARN_DOCUMENTATION_COMMENTS = YES;
				CLANG_WARN_EMPTY_BODY = YES;
				CLANG_WARN_ENUM_CONVERSION = YES;
				CLANG_WARN_INFINITE_RECURSION = YES;
				CLANG_WARN_INT_CONVERSION = YES;
				CLANG_WARN_NON_LITERAL_NULL_CONVERSION = YES;
				CLANG_WARN_OBJC_IMPLICIT_RETAIN_SELF = YES;
				CLANG_WARN_OBJC_LITERAL_CONVERSION = YES;
				CLANG_WARN_OBJC_ROOT_CLASS = YES_ERROR;
				CLANG_WARN_QUOTED_INCLUDE_IN_FRAMEWORK_HEADER = YES;
				CLANG_WARN_RANGE_LOOP_ANALYSIS = YES;
				CLANG_WARN_STRICT_PROTOTYPES = YES;
				CLANG_WARN_SUSPICIOUS_MOVE = YES;
				CLANG_WARN_UNGUARDED_AVAILABILITY = YES_AGGRESSIVE;
				CLANG_WARN_UNREACHABLE_CODE = YES;
				CLANG_WARN__DUPLICATE_METHOD_MATCH = YES;
				COPY_PHASE_STRIP = NO;
				DEBUG_INFORMATION_FORMAT = dwarf;
				ENABLE_STRICT_OBJC_MSGSEND = YES;
				ENABLE_TESTABILITY = YES;
				GCC_C_LANGUAGE_STANDARD = gnu11;
				GCC_DYNAMIC_NO_PIC = NO;
				GCC_NO_COMMON_BLOCKS = YES;
				GCC_OPTIMIZATION_LEVEL = 0;
				GCC_PREPROCESSOR_DEFINITIONS = (
					"DEBUG=1",
					"$(inherited)",
				);
				GCC_WARN_64_TO_32_BIT_CONVERSION = YES;
				GCC_WARN_ABOUT_RETURN_TYPE = YES_ERROR;
				GCC_WARN_UNDECLARED_SELECTOR = YES;
				GCC_WARN_UNINITIALIZED_AUTOS = YES_AGGRESSIVE;
				GCC_WARN_UNUSED_FUNCTION = YES;
				GCC_WARN_UNUSED_VARIABLE = YES;
				IPHONEOS_DEPLOYMENT_TARGET = 15.0;
				MTL_ENABLE_DEBUG_INFO = INCLUDE_SOURCE;
				MTL_FAST_MATH = YES;
				ONLY_ACTIVE_ARCH = YES;
				SDKROOT = iphoneos;
				SWIFT_ACTIVE_COMPILATION_CONDITIONS = DEBUG;
				SWIFT_OPTIMIZATION_LEVEL = "-Onone";
			};
			name = Debug;
		};
		A691202E2765B48A00F8A734 /* Release */ = {
			isa = XCBuildConfiguration;
			buildSettings = {
				ALWAYS_SEARCH_USER_PATHS = NO;
				CLANG_ANALYZER_NONNULL = YES;
				CLANG_ANALYZER_NUMBER_OBJECT_CONVERSION = YES_AGGRESSIVE;
				CLANG_CXX_LANGUAGE_STANDARD = "gnu++17";
				CLANG_CXX_LIBRARY = "libc++";
				CLANG_ENABLE_MODULES = YES;
				CLANG_ENABLE_OBJC_ARC = YES;
				CLANG_ENABLE_OBJC_WEAK = YES;
				CLANG_WARN_BLOCK_CAPTURE_AUTORELEASING = YES;
				CLANG_WARN_BOOL_CONVERSION = YES;
				CLANG_WARN_COMMA = YES;
				CLANG_WARN_CONSTANT_CONVERSION = YES;
				CLANG_WARN_DEPRECATED_OBJC_IMPLEMENTATIONS = YES;
				CLANG_WARN_DIRECT_OBJC_ISA_USAGE = YES_ERROR;
				CLANG_WARN_DOCUMENTATION_COMMENTS = YES;
				CLANG_WARN_EMPTY_BODY = YES;
				CLANG_WARN_ENUM_CONVERSION = YES;
				CLANG_WARN_INFINITE_RECURSION = YES;
				CLANG_WARN_INT_CONVERSION = YES;
				CLANG_WARN_NON_LITERAL_NULL_CONVERSION = YES;
				CLANG_WARN_OBJC_IMPLICIT_RETAIN_SELF = YES;
				CLANG_WARN_OBJC_LITERAL_CONVERSION = YES;
				CLANG_WARN_OBJC_ROOT_CLASS = YES_ERROR;
				CLANG_WARN_QUOTED_INCLUDE_IN_FRAMEWORK_HEADER = YES;
				CLANG_WARN_RANGE_LOOP_ANALYSIS = YES;
				CLANG_WARN_STRICT_PROTOTYPES = YES;
				CLANG_WARN_SUSPICIOUS_MOVE = YES;
				CLANG_WARN_UNGUARDED_AVAILABILITY = YES_AGGRESSIVE;
				CLANG_WARN_UNREACHABLE_CODE = YES;
				CLANG_WARN__DUPLICATE_METHOD_MATCH = YES;
				COPY_PHASE_STRIP = NO;
				DEBUG_INFORMATION_FORMAT = "dwarf-with-dsym";
				ENABLE_NS_ASSERTIONS = NO;
				ENABLE_STRICT_OBJC_MSGSEND = YES;
				GCC_C_LANGUAGE_STANDARD = gnu11;
				GCC_NO_COMMON_BLOCKS = YES;
				GCC_WARN_64_TO_32_BIT_CONVERSION = YES;
				GCC_WARN_ABOUT_RETURN_TYPE = YES_ERROR;
				GCC_WARN_UNDECLARED_SELECTOR = YES;
				GCC_WARN_UNINITIALIZED_AUTOS = YES_AGGRESSIVE;
				GCC_WARN_UNUSED_FUNCTION = YES;
				GCC_WARN_UNUSED_VARIABLE = YES;
				IPHONEOS_DEPLOYMENT_TARGET = 15.0;
				MTL_ENABLE_DEBUG_INFO = NO;
				MTL_FAST_MATH = YES;
				SDKROOT = iphoneos;
				SWIFT_COMPILATION_MODE = wholemodule;
				SWIFT_OPTIMIZATION_LEVEL = "-O";
				VALIDATE_PRODUCT = YES;
			};
			name = Release;
		};
		A69120302765B48A00F8A734 /* Debug */ = {
			isa = XCBuildConfiguration;
			baseConfigurationReference = 91D5FB73C6A486D799D4CE67 /* Pods-Flickr.debug.xcconfig */;
			buildSettings = {
				ASSETCATALOG_COMPILER_APPICON_NAME = AppIcon;
				ASSETCATALOG_COMPILER_GLOBAL_ACCENT_COLOR_NAME = AccentColor;
				CODE_SIGN_STYLE = Automatic;
				CURRENT_PROJECT_VERSION = 1;
				DEVELOPMENT_TEAM = 68T2QKLHFU;
				GENERATE_INFOPLIST_FILE = YES;
				INFOPLIST_FILE = Flickr/Info.plist;
				INFOPLIST_KEY_UIApplicationSupportsIndirectInputEvents = YES;
				INFOPLIST_KEY_UILaunchStoryboardName = LaunchScreen;
				INFOPLIST_KEY_UISupportedInterfaceOrientations_iPad = "UIInterfaceOrientationPortrait UIInterfaceOrientationPortraitUpsideDown UIInterfaceOrientationLandscapeLeft UIInterfaceOrientationLandscapeRight";
				INFOPLIST_KEY_UISupportedInterfaceOrientations_iPhone = "UIInterfaceOrientationPortrait UIInterfaceOrientationLandscapeLeft UIInterfaceOrientationLandscapeRight";
				LD_RUNPATH_SEARCH_PATHS = (
					"$(inherited)",
					"@executable_path/Frameworks",
				);
				MARKETING_VERSION = 1.0;
				PRODUCT_BUNDLE_IDENTIFIER = com.Mobiquity.Flickr;
				PRODUCT_NAME = "$(TARGET_NAME)";
				SWIFT_EMIT_LOC_STRINGS = YES;
				SWIFT_VERSION = 5.0;
				TARGETED_DEVICE_FAMILY = "1,2";
			};
			name = Debug;
		};
		A69120312765B48A00F8A734 /* Release */ = {
			isa = XCBuildConfiguration;
			baseConfigurationReference = CA92EBED5F73875F5C688389 /* Pods-Flickr.release.xcconfig */;
			buildSettings = {
				ASSETCATALOG_COMPILER_APPICON_NAME = AppIcon;
				ASSETCATALOG_COMPILER_GLOBAL_ACCENT_COLOR_NAME = AccentColor;
				CODE_SIGN_STYLE = Automatic;
				CURRENT_PROJECT_VERSION = 1;
				DEVELOPMENT_TEAM = 68T2QKLHFU;
				GENERATE_INFOPLIST_FILE = YES;
				INFOPLIST_FILE = Flickr/Info.plist;
				INFOPLIST_KEY_UIApplicationSupportsIndirectInputEvents = YES;
				INFOPLIST_KEY_UILaunchStoryboardName = LaunchScreen;
				INFOPLIST_KEY_UISupportedInterfaceOrientations_iPad = "UIInterfaceOrientationPortrait UIInterfaceOrientationPortraitUpsideDown UIInterfaceOrientationLandscapeLeft UIInterfaceOrientationLandscapeRight";
				INFOPLIST_KEY_UISupportedInterfaceOrientations_iPhone = "UIInterfaceOrientationPortrait UIInterfaceOrientationLandscapeLeft UIInterfaceOrientationLandscapeRight";
				LD_RUNPATH_SEARCH_PATHS = (
					"$(inherited)",
					"@executable_path/Frameworks",
				);
				MARKETING_VERSION = 1.0;
				PRODUCT_BUNDLE_IDENTIFIER = com.Mobiquity.Flickr;
				PRODUCT_NAME = "$(TARGET_NAME)";
				SWIFT_EMIT_LOC_STRINGS = YES;
				SWIFT_VERSION = 5.0;
				TARGETED_DEVICE_FAMILY = "1,2";
			};
			name = Release;
		};
/* End XCBuildConfiguration section */

/* Begin XCConfigurationList section */
		A69120162765B48900F8A734 /* Build configuration list for PBXProject "Flickr" */ = {
			isa = XCConfigurationList;
			buildConfigurations = (
				A691202D2765B48A00F8A734 /* Debug */,
				A691202E2765B48A00F8A734 /* Release */,
			);
			defaultConfigurationIsVisible = 0;
			defaultConfigurationName = Release;
		};
		A691202F2765B48A00F8A734 /* Build configuration list for PBXNativeTarget "Flickr" */ = {
			isa = XCConfigurationList;
			buildConfigurations = (
				A69120302765B48A00F8A734 /* Debug */,
				A69120312765B48A00F8A734 /* Release */,
			);
			defaultConfigurationIsVisible = 0;
			defaultConfigurationName = Release;
		};
/* End XCConfigurationList section */
	};
	rootObject = A69120132765B48900F8A734 /* Project object */;
}
